// !$*UTF8*$!
{
	archiveVersion = 1;
	classes = {
	};
	objectVersion = 56;
	objects = {

/* Begin PBXBuildFile section */
		398FAAA42ACC688F00505987 /* AppDelegate.swift in Sources */ = {isa = PBXBuildFile; fileRef = 398FAAA32ACC688F00505987 /* AppDelegate.swift */; };
		398FAAA62ACC688F00505987 /* SceneDelegate.swift in Sources */ = {isa = PBXBuildFile; fileRef = 398FAAA52ACC688F00505987 /* SceneDelegate.swift */; };
		398FAAA82ACC688F00505987 /* BarChartViewController.swift in Sources */ = {isa = PBXBuildFile; fileRef = 398FAAA72ACC688F00505987 /* BarChartViewController.swift */; };
		398FAAAD2ACC689000505987 /* Assets.xcassets in Resources */ = {isa = PBXBuildFile; fileRef = 398FAAAC2ACC689000505987 /* Assets.xcassets */; };
		398FAAB02ACC689000505987 /* LaunchScreen.storyboard in Resources */ = {isa = PBXBuildFile; fileRef = 398FAAAE2ACC689000505987 /* LaunchScreen.storyboard */; };
		398FAAB82ACC691A00505987 /* .gitignore in Resources */ = {isa = PBXBuildFile; fileRef = 398FAAB72ACC691A00505987 /* .gitignore */; };
		398FAABB2ACC69D300505987 /* DGCharts in Frameworks */ = {isa = PBXBuildFile; productRef = 398FAABA2ACC69D300505987 /* DGCharts */; };
		398FAABE2ACC6A3500505987 /* UIViewControllerPreview.swift in Sources */ = {isa = PBXBuildFile; fileRef = 398FAABD2ACC6A3500505987 /* UIViewControllerPreview.swift */; };
		398FAAC02ACC715B00505987 /* MainTabBarController.swift in Sources */ = {isa = PBXBuildFile; fileRef = 398FAABF2ACC715B00505987 /* MainTabBarController.swift */; };
/* End PBXBuildFile section */

/* Begin PBXFileReference section */
		398FAAA02ACC688F00505987 /* chart-practice.app */ = {isa = PBXFileReference; explicitFileType = wrapper.application; includeInIndex = 0; path = "chart-practice.app"; sourceTree = BUILT_PRODUCTS_DIR; };
		398FAAA32ACC688F00505987 /* AppDelegate.swift */ = {isa = PBXFileReference; lastKnownFileType = sourcecode.swift; path = AppDelegate.swift; sourceTree = "<group>"; };
		398FAAA52ACC688F00505987 /* SceneDelegate.swift */ = {isa = PBXFileReference; lastKnownFileType = sourcecode.swift; path = SceneDelegate.swift; sourceTree = "<group>"; };
		398FAAA72ACC688F00505987 /* BarChartViewController.swift */ = {isa = PBXFileReference; lastKnownFileType = sourcecode.swift; path = BarChartViewController.swift; sourceTree = "<group>"; };
		398FAAAC2ACC689000505987 /* Assets.xcassets */ = {isa = PBXFileReference; lastKnownFileType = folder.assetcatalog; path = Assets.xcassets; sourceTree = "<group>"; };
		398FAAAF2ACC689000505987 /* Base */ = {isa = PBXFileReference; lastKnownFileType = file.storyboard; name = Base; path = Base.lproj/LaunchScreen.storyboard; sourceTree = "<group>"; };
		398FAAB12ACC689000505987 /* Info.plist */ = {isa = PBXFileReference; lastKnownFileType = text.plist.xml; path = Info.plist; sourceTree = "<group>"; };
		398FAAB72ACC691A00505987 /* .gitignore */ = {isa = PBXFileReference; lastKnownFileType = text; path = .gitignore; sourceTree = "<group>"; };
		398FAABD2ACC6A3500505987 /* UIViewControllerPreview.swift */ = {isa = PBXFileReference; lastKnownFileType = sourcecode.swift; path = UIViewControllerPreview.swift; sourceTree = "<group>"; };
		398FAABF2ACC715B00505987 /* MainTabBarController.swift */ = {isa = PBXFileReference; lastKnownFileType = sourcecode.swift; path = MainTabBarController.swift; sourceTree = "<group>"; };
/* End PBXFileReference section */

/* Begin PBXFrameworksBuildPhase section */
		398FAA9D2ACC688F00505987 /* Frameworks */ = {
			isa = PBXFrameworksBuildPhase;
			buildActionMask = 2147483647;
			files = (
				398FAABB2ACC69D300505987 /* DGCharts in Frameworks */,
			);
			runOnlyForDeploymentPostprocessing = 0;
		};
/* End PBXFrameworksBuildPhase section */

/* Begin PBXGroup section */
		398FAA972ACC688F00505987 = {
			isa = PBXGroup;
			children = (
				398FAAB72ACC691A00505987 /* .gitignore */,
				398FAAA22ACC688F00505987 /* chart-practice */,
				398FAAA12ACC688F00505987 /* Products */,
			);
			sourceTree = "<group>";
		};
		398FAAA12ACC688F00505987 /* Products */ = {
			isa = PBXGroup;
			children = (
				398FAAA02ACC688F00505987 /* chart-practice.app */,
			);
			name = Products;
			sourceTree = "<group>";
		};
		398FAAA22ACC688F00505987 /* chart-practice */ = {
			isa = PBXGroup;
			children = (
				398FAAA32ACC688F00505987 /* AppDelegate.swift */,
				398FAAA52ACC688F00505987 /* SceneDelegate.swift */,
				398FAAC12ACC718000505987 /* Presentations */,
				398FAABC2ACC6A2600505987 /* Utils */,
				398FAAAC2ACC689000505987 /* Assets.xcassets */,
				398FAAAE2ACC689000505987 /* LaunchScreen.storyboard */,
				398FAAB12ACC689000505987 /* Info.plist */,
			);
			path = "chart-practice";
			sourceTree = "<group>";
		};
		398FAABC2ACC6A2600505987 /* Utils */ = {
			isa = PBXGroup;
			children = (
				398FAABD2ACC6A3500505987 /* UIViewControllerPreview.swift */,
			);
			path = Utils;
			sourceTree = "<group>";
		};
		398FAAC12ACC718000505987 /* Presentations */ = {
			isa = PBXGroup;
			children = (
				398FAABF2ACC715B00505987 /* MainTabBarController.swift */,
				398FAAC22ACC718E00505987 /* Charts */,
			);
			path = Presentations;
			sourceTree = "<group>";
		};
		398FAAC22ACC718E00505987 /* Charts */ = {
			isa = PBXGroup;
			children = (
				398FAAA72ACC688F00505987 /* BarChartViewController.swift */,
			);
			path = Charts;
			sourceTree = "<group>";
		};
/* End PBXGroup section */

/* Begin PBXNativeTarget section */
		398FAA9F2ACC688F00505987 /* chart-practice */ = {
			isa = PBXNativeTarget;
			buildConfigurationList = 398FAAB42ACC689000505987 /* Build configuration list for PBXNativeTarget "chart-practice" */;
			buildPhases = (
				398FAA9C2ACC688F00505987 /* Sources */,
				398FAA9D2ACC688F00505987 /* Frameworks */,
				398FAA9E2ACC688F00505987 /* Resources */,
			);
			buildRules = (
			);
			dependencies = (
			);
			name = "chart-practice";
			packageProductDependencies = (
				398FAABA2ACC69D300505987 /* DGCharts */,
			);
			productName = "chart-practice";
			productReference = 398FAAA02ACC688F00505987 /* chart-practice.app */;
			productType = "com.apple.product-type.application";
		};
/* End PBXNativeTarget section */

/* Begin PBXProject section */
		398FAA982ACC688F00505987 /* Project object */ = {
			isa = PBXProject;
			attributes = {
				BuildIndependentTargetsInParallel = 1;
				LastSwiftUpdateCheck = 1500;
				LastUpgradeCheck = 1500;
				TargetAttributes = {
					398FAA9F2ACC688F00505987 = {
						CreatedOnToolsVersion = 15.0;
					};
				};
			};
			buildConfigurationList = 398FAA9B2ACC688F00505987 /* Build configuration list for PBXProject "chart-practice" */;
			compatibilityVersion = "Xcode 14.0";
			developmentRegion = en;
			hasScannedForEncodings = 0;
			knownRegions = (
				en,
				Base,
			);
			mainGroup = 398FAA972ACC688F00505987;
			packageReferences = (
				398FAAB92ACC69D300505987 /* XCRemoteSwiftPackageReference "Charts" */,
			);
			productRefGroup = 398FAAA12ACC688F00505987 /* Products */;
			projectDirPath = "";
			projectRoot = "";
			targets = (
				398FAA9F2ACC688F00505987 /* chart-practice */,
			);
		};
/* End PBXProject section */

/* Begin PBXResourcesBuildPhase section */
		398FAA9E2ACC688F00505987 /* Resources */ = {
			isa = PBXResourcesBuildPhase;
			buildActionMask = 2147483647;
			files = (
				398FAAB02ACC689000505987 /* LaunchScreen.storyboard in Resources */,
				398FAAB82ACC691A00505987 /* .gitignore in Resources */,
				398FAAAD2ACC689000505987 /* Assets.xcassets in Resources */,
			);
			runOnlyForDeploymentPostprocessing = 0;
		};
/* End PBXResourcesBuildPhase section */

/* Begin PBXSourcesBuildPhase section */
		398FAA9C2ACC688F00505987 /* Sources */ = {
			isa = PBXSourcesBuildPhase;
			buildActionMask = 2147483647;
			files = (
				398FAAC02ACC715B00505987 /* MainTabBarController.swift in Sources */,
				398FAAA82ACC688F00505987 /* BarChartViewController.swift in Sources */,
				398FAABE2ACC6A3500505987 /* UIViewControllerPreview.swift in Sources */,
				398FAAA42ACC688F00505987 /* AppDelegate.swift in Sources */,
				398FAAA62ACC688F00505987 /* SceneDelegate.swift in Sources */,
			);
			runOnlyForDeploymentPostprocessing = 0;
		};
/* End PBXSourcesBuildPhase section */

/* Begin PBXVariantGroup section */
		398FAAAE2ACC689000505987 /* LaunchScreen.storyboard */ = {
			isa = PBXVariantGroup;
			children = (
				398FAAAF2ACC689000505987 /* Base */,
			);
			name = LaunchScreen.storyboard;
			sourceTree = "<group>";
		};
/* End PBXVariantGroup section */

/* Begin XCBuildConfiguration section */
		398FAAB22ACC689000505987 /* Debug */ = {
			isa = XCBuildConfiguration;
			buildSettings = {
				ALWAYS_SEARCH_USER_PATHS = NO;
				ASSETCATALOG_COMPILER_GENERATE_SWIFT_ASSET_SYMBOL_EXTENSIONS = YES;
				CLANG_ANALYZER_NONNULL = YES;
				CLANG_ANALYZER_NUMBER_OBJECT_CONVERSION = YES_AGGRESSIVE;
				CLANG_CXX_LANGUAGE_STANDARD = "gnu++20";
				CLANG_ENABLE_MODULES = YES;
				CLANG_ENABLE_OBJC_ARC = YES;
				CLANG_ENABLE_OBJC_WEAK = YES;
				CLANG_WARN_BLOCK_CAPTURE_AUTORELEASING = YES;
				CLANG_WARN_BOOL_CONVERSION = YES;
				CLANG_WARN_COMMA = YES;
				CLANG_WARN_CONSTANT_CONVERSION = YES;
				CLANG_WARN_DEPRECATED_OBJC_IMPLEMENTATIONS = YES;
				CLANG_WARN_DIRECT_OBJC_ISA_USAGE = YES_ERROR;
				CLANG_WARN_DOCUMENTATION_COMMENTS = YES;
				CLANG_WARN_EMPTY_BODY = YES;
				CLANG_WARN_ENUM_CONVERSION = YES;
				CLANG_WARN_INFINITE_RECURSION = YES;
				CLANG_WARN_INT_CONVERSION = YES;
				CLANG_WARN_NON_LITERAL_NULL_CONVERSION = YES;
				CLANG_WARN_OBJC_IMPLICIT_RETAIN_SELF = YES;
				CLANG_WARN_OBJC_LITERAL_CONVERSION = YES;
				CLANG_WARN_OBJC_ROOT_CLASS = YES_ERROR;
				CLANG_WARN_QUOTED_INCLUDE_IN_FRAMEWORK_HEADER = YES;
				CLANG_WARN_RANGE_LOOP_ANALYSIS = YES;
				CLANG_WARN_STRICT_PROTOTYPES = YES;
				CLANG_WARN_SUSPICIOUS_MOVE = YES;
				CLANG_WARN_UNGUARDED_AVAILABILITY = YES_AGGRESSIVE;
				CLANG_WARN_UNREACHABLE_CODE = YES;
				CLANG_WARN__DUPLICATE_METHOD_MATCH = YES;
				COPY_PHASE_STRIP = NO;
				DEBUG_INFORMATION_FORMAT = dwarf;
				ENABLE_STRICT_OBJC_MSGSEND = YES;
				ENABLE_TESTABILITY = YES;
				ENABLE_USER_SCRIPT_SANDBOXING = YES;
				GCC_C_LANGUAGE_STANDARD = gnu17;
				GCC_DYNAMIC_NO_PIC = NO;
				GCC_NO_COMMON_BLOCKS = YES;
				GCC_OPTIMIZATION_LEVEL = 0;
				GCC_PREPROCESSOR_DEFINITIONS = (
					"DEBUG=1",
					"$(inherited)",
				);
				GCC_WARN_64_TO_32_BIT_CONVERSION = YES;
				GCC_WARN_ABOUT_RETURN_TYPE = YES_ERROR;
				GCC_WARN_UNDECLARED_SELECTOR = YES;
				GCC_WARN_UNINITIALIZED_AUTOS = YES_AGGRESSIVE;
				GCC_WARN_UNUSED_FUNCTION = YES;
				GCC_WARN_UNUSED_VARIABLE = YES;
				IPHONEOS_DEPLOYMENT_TARGET = 15.0;
				LOCALIZATION_PREFERS_STRING_CATALOGS = YES;
				MTL_ENABLE_DEBUG_INFO = INCLUDE_SOURCE;
				MTL_FAST_MATH = YES;
				ONLY_ACTIVE_ARCH = YES;
				SDKROOT = iphoneos;
				SWIFT_ACTIVE_COMPILATION_CONDITIONS = "DEBUG $(inherited)";
				SWIFT_OPTIMIZATION_LEVEL = "-Onone";
			};
			name = Debug;
		};
		398FAAB32ACC689000505987 /* Release */ = {
			isa = XCBuildConfiguration;
			buildSettings = {
				ALWAYS_SEARCH_USER_PATHS = NO;
				ASSETCATALOG_COMPILER_GENERATE_SWIFT_ASSET_SYMBOL_EXTENSIONS = YES;
				CLANG_ANALYZER_NONNULL = YES;
				CLANG_ANALYZER_NUMBER_OBJECT_CONVERSION = YES_AGGRESSIVE;
				CLANG_CXX_LANGUAGE_STANDARD = "gnu++20";
				CLANG_ENABLE_MODULES = YES;
				CLANG_ENABLE_OBJC_ARC = YES;
				CLANG_ENABLE_OBJC_WEAK = YES;
				CLANG_WARN_BLOCK_CAPTURE_AUTORELEASING = YES;
				CLANG_WARN_BOOL_CONVERSION = YES;
				CLANG_WARN_COMMA = YES;
				CLANG_WARN_CONSTANT_CONVERSION = YES;
				CLANG_WARN_DEPRECATED_OBJC_IMPLEMENTATIONS = YES;
				CLANG_WARN_DIRECT_OBJC_ISA_USAGE = YES_ERROR;
				CLANG_WARN_DOCUMENTATION_COMMENTS = YES;
				CLANG_WARN_EMPTY_BODY = YES;
				CLANG_WARN_ENUM_CONVERSION = YES;
				CLANG_WARN_INFINITE_RECURSION = YES;
				CLANG_WARN_INT_CONVERSION = YES;
				CLANG_WARN_NON_LITERAL_NULL_CONVERSION = YES;
				CLANG_WARN_OBJC_IMPLICIT_RETAIN_SELF = YES;
				CLANG_WARN_OBJC_LITERAL_CONVERSION = YES;
				CLANG_WARN_OBJC_ROOT_CLASS = YES_ERROR;
				CLANG_WARN_QUOTED_INCLUDE_IN_FRAMEWORK_HEADER = YES;
				CLANG_WARN_RANGE_LOOP_ANALYSIS = YES;
				CLANG_WARN_STRICT_PROTOTYPES = YES;
				CLANG_WARN_SUSPICIOUS_MOVE = YES;
				CLANG_WARN_UNGUARDED_AVAILABILITY = YES_AGGRESSIVE;
				CLANG_WARN_UNREACHABLE_CODE = YES;
				CLANG_WARN__DUPLICATE_METHOD_MATCH = YES;
				COPY_PHASE_STRIP = NO;
				DEBUG_INFORMATION_FORMAT = "dwarf-with-dsym";
				ENABLE_NS_ASSERTIONS = NO;
				ENABLE_STRICT_OBJC_MSGSEND = YES;
				ENABLE_USER_SCRIPT_SANDBOXING = YES;
				GCC_C_LANGUAGE_STANDARD = gnu17;
				GCC_NO_COMMON_BLOCKS = YES;
				GCC_WARN_64_TO_32_BIT_CONVERSION = YES;
				GCC_WARN_ABOUT_RETURN_TYPE = YES_ERROR;
				GCC_WARN_UNDECLARED_SELECTOR = YES;
				GCC_WARN_UNINITIALIZED_AUTOS = YES_AGGRESSIVE;
				GCC_WARN_UNUSED_FUNCTION = YES;
				GCC_WARN_UNUSED_VARIABLE = YES;
				IPHONEOS_DEPLOYMENT_TARGET = 15.0;
				LOCALIZATION_PREFERS_STRING_CATALOGS = YES;
				MTL_ENABLE_DEBUG_INFO = NO;
				MTL_FAST_MATH = YES;
				SDKROOT = iphoneos;
				SWIFT_COMPILATION_MODE = wholemodule;
				VALIDATE_PRODUCT = YES;
			};
			name = Release;
		};
		398FAAB52ACC689000505987 /* Debug */ = {
			isa = XCBuildConfiguration;
			buildSettings = {
				ASSETCATALOG_COMPILER_APPICON_NAME = AppIcon;
				ASSETCATALOG_COMPILER_GLOBAL_ACCENT_COLOR_NAME = AccentColor;
				CODE_SIGN_STYLE = Automatic;
				CURRENT_PROJECT_VERSION = 1;
				DEVELOPMENT_TEAM = ZH5GA3W8UP;
				GENERATE_INFOPLIST_FILE = YES;
				INFOPLIST_FILE = "chart-practice/Info.plist";
				INFOPLIST_KEY_UIApplicationSupportsIndirectInputEvents = YES;
				INFOPLIST_KEY_UILaunchStoryboardName = LaunchScreen;
				INFOPLIST_KEY_UISupportedInterfaceOrientations_iPad = "UIInterfaceOrientationPortrait UIInterfaceOrientationPortraitUpsideDown UIInterfaceOrientationLandscapeLeft UIInterfaceOrientationLandscapeRight";
				INFOPLIST_KEY_UISupportedInterfaceOrientations_iPhone = "UIInterfaceOrientationPortrait UIInterfaceOrientationLandscapeLeft UIInterfaceOrientationLandscapeRight";
				IPHONEOS_DEPLOYMENT_TARGET = 15.0;
				LD_RUNPATH_SEARCH_PATHS = (
					"$(inherited)",
					"@executable_path/Frameworks",
				);
				MARKETING_VERSION = 1.0;
				PRODUCT_BUNDLE_IDENTIFIER = "dev.heon.chart-practice";
				PRODUCT_NAME = "$(TARGET_NAME)";
				SWIFT_EMIT_LOC_STRINGS = YES;
				SWIFT_VERSION = 5.0;
				TARGETED_DEVICE_FAMILY = "1,2";
			};
			name = Debug;
		};
		398FAAB62ACC689000505987 /* Release */ = {
			isa = XCBuildConfiguration;
			buildSettings = {
				ASSETCATALOG_COMPILER_APPICON_NAME = AppIcon;
				ASSETCATALOG_COMPILER_GLOBAL_ACCENT_COLOR_NAME = AccentColor;
				CODE_SIGN_STYLE = Automatic;
				CURRENT_PROJECT_VERSION = 1;
				DEVELOPMENT_TEAM = ZH5GA3W8UP;
				GENERATE_INFOPLIST_FILE = YES;
				INFOPLIST_FILE = "chart-practice/Info.plist";
				INFOPLIST_KEY_UIApplicationSupportsIndirectInputEvents = YES;
				INFOPLIST_KEY_UILaunchStoryboardName = LaunchScreen;
				INFOPLIST_KEY_UISupportedInterfaceOrientations_iPad = "UIInterfaceOrientationPortrait UIInterfaceOrientationPortraitUpsideDown UIInterfaceOrientationLandscapeLeft UIInterfaceOrientationLandscapeRight";
				INFOPLIST_KEY_UISupportedInterfaceOrientations_iPhone = "UIInterfaceOrientationPortrait UIInterfaceOrientationLandscapeLeft UIInterfaceOrientationLandscapeRight";
				IPHONEOS_DEPLOYMENT_TARGET = 15.0;
				LD_RUNPATH_SEARCH_PATHS = (
					"$(inherited)",
					"@executable_path/Frameworks",
				);
				MARKETING_VERSION = 1.0;
				PRODUCT_BUNDLE_IDENTIFIER = "dev.heon.chart-practice";
				PRODUCT_NAME = "$(TARGET_NAME)";
				SWIFT_EMIT_LOC_STRINGS = YES;
				SWIFT_VERSION = 5.0;
				TARGETED_DEVICE_FAMILY = "1,2";
			};
			name = Release;
		};
/* End XCBuildConfiguration section */

/* Begin XCConfigurationList section */
		398FAA9B2ACC688F00505987 /* Build configuration list for PBXProject "chart-practice" */ = {
			isa = XCConfigurationList;
			buildConfigurations = (
				398FAAB22ACC689000505987 /* Debug */,
				398FAAB32ACC689000505987 /* Release */,
			);
			defaultConfigurationIsVisible = 0;
			defaultConfigurationName = Release;
		};
		398FAAB42ACC689000505987 /* Build configuration list for PBXNativeTarget "chart-practice" */ = {
			isa = XCConfigurationList;
			buildConfigurations = (
				398FAAB52ACC689000505987 /* Debug */,
				398FAAB62ACC689000505987 /* Release */,
			);
			defaultConfigurationIsVisible = 0;
			defaultConfigurationName = Release;
		};
/* End XCConfigurationList section */

/* Begin XCRemoteSwiftPackageReference section */
		398FAAB92ACC69D300505987 /* XCRemoteSwiftPackageReference "Charts" */ = {
			isa = XCRemoteSwiftPackageReference;
			repositoryURL = "git@github.com:danielgindi/Charts.git";
			requirement = {
				kind = upToNextMinorVersion;
				minimumVersion = 5.0.0;
			};
		};
/* End XCRemoteSwiftPackageReference section */

/* Begin XCSwiftPackageProductDependency section */
		398FAABA2ACC69D300505987 /* DGCharts */ = {
			isa = XCSwiftPackageProductDependency;
			package = 398FAAB92ACC69D300505987 /* XCRemoteSwiftPackageReference "Charts" */;
			productName = DGCharts;
		};
/* End XCSwiftPackageProductDependency section */
	};
	rootObject = 398FAA982ACC688F00505987 /* Project object */;
}
